
Microsoft Visual Studio Solution File, Format Version 12.00
# Visual Studio Version 16
VisualStudioVersion = 16.0.30114.105
MinimumVisualStudioVersion = 10.0.40219.1
Project("{FAE04EC0-301F-11D3-BF4B-00C04F79EFBC}") = "API", "API\API.csproj", "{2C36F9D4-4D05-4FB9-ABEF-A83958434EF1}"
EndProject
Project("{FAE04EC0-301F-11D3-BF4B-00C04F79EFBC}") = "Core", "Core\Core.csproj", "{DCB5AAE0-F7AA-49F9-97CE-D91E5144BE4C}"
EndProject
Project("{FAE04EC0-301F-11D3-BF4B-00C04F79EFBC}") = "Infrastructure", "Infrastructure\Infrastructure.csproj", "{E92BA5B4-02D7-484D-BBFC-740C03E53A3D}"
EndProject
Global
	GlobalSection(SolutionConfigurationPlatforms) = preSolution
		Debug|Any CPU = Debug|Any CPU
		Release|Any CPU = Release|Any CPU
	EndGlobalSection
	GlobalSection(SolutionProperties) = preSolution
		HideSolutionNode = FALSE
	EndGlobalSection
	GlobalSection(ProjectConfigurationPlatforms) = postSolution
		{2C36F9D4-4D05-4FB9-ABEF-A83958434EF1}.Debug|Any CPU.ActiveCfg = Debug|Any CPU
		{2C36F9D4-4D05-4FB9-ABEF-A83958434EF1}.Debug|Any CPU.Build.0 = Debug|Any CPU
		{2C36F9D4-4D05-4FB9-ABEF-A83958434EF1}.Release|Any CPU.ActiveCfg = Release|Any CPU
		{2C36F9D4-4D05-4FB9-ABEF-A83958434EF1}.Release|Any CPU.Build.0 = Release|Any CPU
		{DCB5AAE0-F7AA-49F9-97CE-D91E5144BE4C}.Debug|Any CPU.ActiveCfg = Debug|Any CPU
		{DCB5AAE0-F7AA-49F9-97CE-D91E5144BE4C}.Debug|Any CPU.Build.0 = Debug|Any CPU
		{DCB5AAE0-F7AA-49F9-97CE-D91E5144BE4C}.Release|Any CPU.ActiveCfg = Release|Any CPU
		{DCB5AAE0-F7AA-49F9-97CE-D91E5144BE4C}.Release|Any CPU.Build.0 = Release|Any CPU
		{E92BA5B4-02D7-484D-BBFC-740C03E53A3D}.Debug|Any CPU.ActiveCfg = Debug|Any CPU
		{E92BA5B4-02D7-484D-BBFC-740C03E53A3D}.Debug|Any CPU.Build.0 = Debug|Any CPU
		{E92BA5B4-02D7-484D-BBFC-740C03E53A3D}.Release|Any CPU.ActiveCfg = Release|Any CPU
		{E92BA5B4-02D7-484D-BBFC-740C03E53A3D}.Release|Any CPU.Build.0 = Release|Any CPU
	EndGlobalSection
EndGlobal
